
Microsoft Visual Studio Solution File, Format Version 12.00
# Visual Studio 15
VisualStudioVersion = 15.0.28307.168
MinimumVisualStudioVersion = 10.0.40219.1
Project("{FAE04EC0-301F-11D3-BF4B-00C04F79EFBC}") = "FormEditor", "FormEditor\FormEditor.csproj", "{C870DA81-4C9B-47C2-B7A8-5ACF2A401BD8}"
EndProject
Project("{FAE04EC0-301F-11D3-BF4B-00C04F79EFBC}") = "FormEditor.Api", "FormEditor.Api\FormEditor.Api.csproj", "{D5F78CB7-ED50-4A10-9297-8F6A8F242A5C}"
EndProject
Project("{FAE04EC0-301F-11D3-BF4B-00C04F79EFBC}") = "FormEditor.Tests", "FormEditor.Tests\FormEditor.Tests.csproj", "{C5286B62-8719-4492-8424-4800D7092C52}"
EndProject
Global
	GlobalSection(SolutionConfigurationPlatforms) = preSolution
		Debug|Any CPU = Debug|Any CPU
		Release|Any CPU = Release|Any CPU
	EndGlobalSection
	GlobalSection(ProjectConfigurationPlatforms) = postSolution
		{C870DA81-4C9B-47C2-B7A8-5ACF2A401BD8}.Debug|Any CPU.ActiveCfg = Debug|Any CPU
		{C870DA81-4C9B-47C2-B7A8-5ACF2A401BD8}.Debug|Any CPU.Build.0 = Debug|Any CPU
		{C870DA81-4C9B-47C2-B7A8-5ACF2A401BD8}.Release|Any CPU.ActiveCfg = Release|Any CPU
		{C870DA81-4C9B-47C2-B7A8-5ACF2A401BD8}.Release|Any CPU.Build.0 = Release|Any CPU
		{D5F78CB7-ED50-4A10-9297-8F6A8F242A5C}.Debug|Any CPU.ActiveCfg = Debug|Any CPU
		{D5F78CB7-ED50-4A10-9297-8F6A8F242A5C}.Debug|Any CPU.Build.0 = Debug|Any CPU
		{D5F78CB7-ED50-4A10-9297-8F6A8F242A5C}.Release|Any CPU.ActiveCfg = Release|Any CPU
		{D5F78CB7-ED50-4A10-9297-8F6A8F242A5C}.Release|Any CPU.Build.0 = Release|Any CPU
		{C5286B62-8719-4492-8424-4800D7092C52}.Debug|Any CPU.ActiveCfg = Debug|Any CPU
		{C5286B62-8719-4492-8424-4800D7092C52}.Debug|Any CPU.Build.0 = Debug|Any CPU
		{C5286B62-8719-4492-8424-4800D7092C52}.Release|Any CPU.ActiveCfg = Release|Any CPU
		{C5286B62-8719-4492-8424-4800D7092C52}.Release|Any CPU.Build.0 = Release|Any CPU
	EndGlobalSection
	GlobalSection(SolutionProperties) = preSolution
		HideSolutionNode = FALSE
	EndGlobalSection
	GlobalSection(ExtensibilityGlobals) = postSolution
		SolutionGuid = {F2A42260-4E2D-49AB-8D2D-499444243035}
	EndGlobalSection
EndGlobal
