
Microsoft Visual Studio Solution File, Format Version 12.00
# Visual Studio 15
VisualStudioVersion = 15.0.28307.271
MinimumVisualStudioVersion = 10.0.40219.1
Project("{FAE04EC0-301F-11D3-BF4B-00C04F79EFBC}") = "FormEditor", "FormEditor\FormEditor.csproj", "{D429EA0F-ED4F-4D12-9DA6-97A151C8F1C7}"
EndProject
Project("{FAE04EC0-301F-11D3-BF4B-00C04F79EFBC}") = "FormEditor.Tests", "FormEditor.Tests\FormEditor.Tests.csproj", "{07718894-81BD-45B1-857C-842108DEF9BA}"
EndProject
Project("{FAE04EC0-301F-11D3-BF4B-00C04F79EFBC}") = "FormEditor.Model", "Repository\FormEditor.Model.csproj", "{9DB8C4C4-B9F1-44D5-B269-ED79A68250C6}"
EndProject
Project("{FAE04EC0-301F-11D3-BF4B-00C04F79EFBC}") = "FormEditor.Api", "..\FormEditorWebAPI\FormEditorApi\FormEditorApi\FormEditor.Api.csproj", "{8482ED24-6CC2-4D77-A7B2-3C7032A4D22E}"
EndProject
Global
	GlobalSection(SolutionConfigurationPlatforms) = preSolution
		Debug|Any CPU = Debug|Any CPU
		Release|Any CPU = Release|Any CPU
	EndGlobalSection
	GlobalSection(ProjectConfigurationPlatforms) = postSolution
		{D429EA0F-ED4F-4D12-9DA6-97A151C8F1C7}.Debug|Any CPU.ActiveCfg = Debug|Any CPU
		{D429EA0F-ED4F-4D12-9DA6-97A151C8F1C7}.Debug|Any CPU.Build.0 = Debug|Any CPU
		{D429EA0F-ED4F-4D12-9DA6-97A151C8F1C7}.Release|Any CPU.ActiveCfg = Release|Any CPU
		{D429EA0F-ED4F-4D12-9DA6-97A151C8F1C7}.Release|Any CPU.Build.0 = Release|Any CPU
		{07718894-81BD-45B1-857C-842108DEF9BA}.Debug|Any CPU.ActiveCfg = Debug|Any CPU
		{07718894-81BD-45B1-857C-842108DEF9BA}.Debug|Any CPU.Build.0 = Debug|Any CPU
		{07718894-81BD-45B1-857C-842108DEF9BA}.Release|Any CPU.ActiveCfg = Release|Any CPU
		{07718894-81BD-45B1-857C-842108DEF9BA}.Release|Any CPU.Build.0 = Release|Any CPU
		{9DB8C4C4-B9F1-44D5-B269-ED79A68250C6}.Debug|Any CPU.ActiveCfg = Debug|Any CPU
		{9DB8C4C4-B9F1-44D5-B269-ED79A68250C6}.Debug|Any CPU.Build.0 = Debug|Any CPU
		{9DB8C4C4-B9F1-44D5-B269-ED79A68250C6}.Release|Any CPU.ActiveCfg = Release|Any CPU
		{9DB8C4C4-B9F1-44D5-B269-ED79A68250C6}.Release|Any CPU.Build.0 = Release|Any CPU
		{8482ED24-6CC2-4D77-A7B2-3C7032A4D22E}.Debug|Any CPU.ActiveCfg = Debug|Any CPU
		{8482ED24-6CC2-4D77-A7B2-3C7032A4D22E}.Debug|Any CPU.Build.0 = Debug|Any CPU
		{8482ED24-6CC2-4D77-A7B2-3C7032A4D22E}.Release|Any CPU.ActiveCfg = Release|Any CPU
		{8482ED24-6CC2-4D77-A7B2-3C7032A4D22E}.Release|Any CPU.Build.0 = Release|Any CPU
	EndGlobalSection
	GlobalSection(SolutionProperties) = preSolution
		HideSolutionNode = FALSE
	EndGlobalSection
	GlobalSection(ExtensibilityGlobals) = postSolution
		SolutionGuid = {49E382E5-1DED-463D-AD2C-8E547308159B}
	EndGlobalSection
EndGlobal
